Microsoft Visual Studio Solution File, Format Version 12.00
# Visual Studio 15
VisualStudioVersion = 15.0.26124.0
MinimumVisualStudioVersion = 15.0.26124.0
Project("{9A19103F-16F7-4668-BE54-9A1E7A4F7556}") = "Nullforce.Api.DeviantArt.Rest", "Nullforce.Api.DeviantArt.Rest\Nullforce.Api.DeviantArt.Rest.csproj", "{4978B7FD-EFB3-4822-A0B0-08DE72CAF273}"
EndProject
Project("{9A19103F-16F7-4668-BE54-9A1E7A4F7556}") = "Nullforce.Api.DeviantArt.Rest.Tests", "Nullforce.Api.DeviantArt.Rest.Tests\Nullforce.Api.DeviantArt.Rest.Tests.csproj", "{50A1D1DD-91F2-4529-A909-8B3B02E5E650}"
EndProject
Global
	GlobalSection(SolutionConfigurationPlatforms) = preSolution
		Debug|Any CPU = Debug|Any CPU
		Debug|x64 = Debug|x64
		Debug|x86 = Debug|x86
		Release|Any CPU = Release|Any CPU
		Release|x64 = Release|x64
		Release|x86 = Release|x86
	EndGlobalSection
	GlobalSection(ProjectConfigurationPlatforms) = postSolution
		{4978B7FD-EFB3-4822-A0B0-08DE72CAF273}.Debug|Any CPU.ActiveCfg = Debug|Any CPU
		{4978B7FD-EFB3-4822-A0B0-08DE72CAF273}.Debug|Any CPU.Build.0 = Debug|Any CPU
		{4978B7FD-EFB3-4822-A0B0-08DE72CAF273}.Debug|x64.ActiveCfg = Debug|Any CPU
		{4978B7FD-EFB3-4822-A0B0-08DE72CAF273}.Debug|x64.Build.0 = Debug|Any CPU
		{4978B7FD-EFB3-4822-A0B0-08DE72CAF273}.Debug|x86.ActiveCfg = Debug|Any CPU
		{4978B7FD-EFB3-4822-A0B0-08DE72CAF273}.Debug|x86.Build.0 = Debug|Any CPU
		{4978B7FD-EFB3-4822-A0B0-08DE72CAF273}.Release|Any CPU.ActiveCfg = Release|Any CPU
		{4978B7FD-EFB3-4822-A0B0-08DE72CAF273}.Release|Any CPU.Build.0 = Release|Any CPU
		{4978B7FD-EFB3-4822-A0B0-08DE72CAF273}.Release|x64.ActiveCfg = Release|Any CPU
		{4978B7FD-EFB3-4822-A0B0-08DE72CAF273}.Release|x64.Build.0 = Release|Any CPU
		{4978B7FD-EFB3-4822-A0B0-08DE72CAF273}.Release|x86.ActiveCfg = Release|Any CPU
		{4978B7FD-EFB3-4822-A0B0-08DE72CAF273}.Release|x86.Build.0 = Release|Any CPU
		{50A1D1DD-91F2-4529-A909-8B3B02E5E650}.Debug|Any CPU.ActiveCfg = Debug|Any CPU
		{50A1D1DD-91F2-4529-A909-8B3B02E5E650}.Debug|Any CPU.Build.0 = Debug|Any CPU
		{50A1D1DD-91F2-4529-A909-8B3B02E5E650}.Debug|x64.ActiveCfg = Debug|Any CPU
		{50A1D1DD-91F2-4529-A909-8B3B02E5E650}.Debug|x64.Build.0 = Debug|Any CPU
		{50A1D1DD-91F2-4529-A909-8B3B02E5E650}.Debug|x86.ActiveCfg = Debug|Any CPU
		{50A1D1DD-91F2-4529-A909-8B3B02E5E650}.Debug|x86.Build.0 = Debug|Any CPU
		{50A1D1DD-91F2-4529-A909-8B3B02E5E650}.Release|Any CPU.ActiveCfg = Release|Any CPU
		{50A1D1DD-91F2-4529-A909-8B3B02E5E650}.Release|Any CPU.Build.0 = Release|Any CPU
		{50A1D1DD-91F2-4529-A909-8B3B02E5E650}.Release|x64.ActiveCfg = Release|Any CPU
		{50A1D1DD-91F2-4529-A909-8B3B02E5E650}.Release|x64.Build.0 = Release|Any CPU
		{50A1D1DD-91F2-4529-A909-8B3B02E5E650}.Release|x86.ActiveCfg = Release|Any CPU
		{50A1D1DD-91F2-4529-A909-8B3B02E5E650}.Release|x86.Build.0 = Release|Any CPU
	EndGlobalSection
	GlobalSection(SolutionProperties) = preSolution
		HideSolutionNode = FALSE
	EndGlobalSection
	GlobalSection(ExtensibilityGlobals) = postSolution
		SolutionGuid = {C02DABD7-68F0-40C1-B0F0-F7DCB6989FA7}
	EndGlobalSection
EndGlobal
